
Microsoft Visual Studio Solution File, Format Version 10.00
# Visual Studio Codename Orcas
Project("{FAE04EC0-301F-11D3-BF4B-00C04F79EFBC}") = "SilverNibbles", "SilverNibbles\SilverNibbles.csproj", "{903F5505-E7CB-4444-9E89-AAFEABA32509}"
EndProject
Global
	GlobalSection(SolutionConfigurationPlatforms) = preSolution
		Debug|Any CPU = Debug|Any CPU
		Release|Any CPU = Release|Any CPU
	EndGlobalSection
	GlobalSection(ProjectConfigurationPlatforms) = postSolution
		{903F5505-E7CB-4444-9E89-AAFEABA32509}.Debug|Any CPU.ActiveCfg = Debug|Any CPU
		{903F5505-E7CB-4444-9E89-AAFEABA32509}.Debug|Any CPU.Build.0 = Debug|Any CPU
		{903F5505-E7CB-4444-9E89-AAFEABA32509}.Release|Any CPU.ActiveCfg = Release|Any CPU
		{903F5505-E7CB-4444-9E89-AAFEABA32509}.Release|Any CPU.Build.0 = Release|Any CPU
	EndGlobalSection
	GlobalSection(SolutionProperties) = preSolution
		HideSolutionNode = FALSE
	EndGlobalSection
EndGlobal
